
Microsoft Visual Studio Solution File, Format Version 12.00
# Visual Studio Version 17
VisualStudioVersion = 17.8.34525.116
MinimumVisualStudioVersion = 10.0.40219.1
Project("{FAE04EC0-301F-11D3-BF4B-00C04F79EFBC}") = "RecruimentAgencyAppIS4", "RecruimentAgencyAppIS4\RecruimentAgencyAppIS4.csproj", "{A5E49B4F-9F5E-440F-94CA-7381CCCDF029}"
EndProject
Global
	GlobalSection(SolutionConfigurationPlatforms) = preSolution
		Debug|Any CPU = Debug|Any CPU
		Release|Any CPU = Release|Any CPU
	EndGlobalSection
	GlobalSection(ProjectConfigurationPlatforms) = postSolution
		{A5E49B4F-9F5E-440F-94CA-7381CCCDF029}.Debug|Any CPU.ActiveCfg = Debug|Any CPU
		{A5E49B4F-9F5E-440F-94CA-7381CCCDF029}.Debug|Any CPU.Build.0 = Debug|Any CPU
		{A5E49B4F-9F5E-440F-94CA-7381CCCDF029}.Release|Any CPU.ActiveCfg = Release|Any CPU
		{A5E49B4F-9F5E-440F-94CA-7381CCCDF029}.Release|Any CPU.Build.0 = Release|Any CPU
	EndGlobalSection
	GlobalSection(SolutionProperties) = preSolution
		HideSolutionNode = FALSE
	EndGlobalSection
	GlobalSection(ExtensibilityGlobals) = postSolution
		SolutionGuid = {505DB329-A242-47D4-B4F5-97CE92038158}
	EndGlobalSection
EndGlobal
